
Microsoft Visual Studio Solution File, Format Version 12.00
# Visual Studio Version 17
VisualStudioVersion = 17.0.31903.59
MinimumVisualStudioVersion = 10.0.40219.1
Project("{2150E333-8FDC-42A3-9474-1A3956D46DE8}") = "src", "src", "{827E0CD3-B72D-47B6-A68D-7590B98EB39B}"
EndProject
Project("{FAE04EC0-301F-11D3-BF4B-00C04F79EFBC}") = "Engine.Core", "src\Engine.Core\Engine.Core.csproj", "{B7F3121A-D002-444C-88C5-D8F48DB0F5CA}"
EndProject
Project("{FAE04EC0-301F-11D3-BF4B-00C04F79EFBC}") = "Engine.ECS", "src\Engine.ECS\Engine.ECS.csproj", "{10FEB2DD-C234-4F55-B5EA-28B7F31D2CAF}"
EndProject
Project("{FAE04EC0-301F-11D3-BF4B-00C04F79EFBC}") = "Engine.Rendering", "src\Engine.Rendering\Engine.Rendering.csproj", "{56B61161-15AC-47C0-97FC-F35967CEEC8B}"
EndProject
Project("{FAE04EC0-301F-11D3-BF4B-00C04F79EFBC}") = "Engine.Physics", "src\Engine.Physics\Engine.Physics.csproj", "{5C4C9AA5-DE07-40DA-AF0D-8E1040F7D5D4}"
EndProject
Project("{FAE04EC0-301F-11D3-BF4B-00C04F79EFBC}") = "Engine.UI", "src\Engine.UI\Engine.UI.csproj", "{493A0A70-3219-4BCC-AB73-40E92050EBBB}"
EndProject
Project("{FAE04EC0-301F-11D3-BF4B-00C04F79EFBC}") = "Engine.App", "src\Engine.App\Engine.App.csproj", "{CE23A4E1-78F1-4CC7-BCCA-D09347BBFF79}"
EndProject
Project("{FAE04EC0-301F-11D3-BF4B-00C04F79EFBC}") = "Engine.NativeBindings", "src\Engine.NativeBindings\Engine.NativeBindings.csproj", "{425C6320-6ECA-44F4-9CF6-FEE4AD015661}"
EndProject
Project("{2150E333-8FDC-42A3-9474-1A3956D46DE8}") = "tests", "tests", "{0AB3BF05-4346-4AA6-1389-037BE0695223}"
EndProject
Project("{FAE04EC0-301F-11D3-BF4B-00C04F79EFBC}") = "Engine.Tests", "tests\Engine.Tests\Engine.Tests.csproj", "{17ECB6FB-1BC3-4C51-B7FA-A171690DA25C}"
EndProject
Project("{FAE04EC0-301F-11D3-BF4B-00C04F79EFBC}") = "Engine.Scenes", "src\Engine.Scenes\Engine.Scenes.csproj", "{DB5AE9CC-24CC-44AC-8AF4-E93C70993B13}"
EndProject
Global
	GlobalSection(SolutionConfigurationPlatforms) = preSolution
		Debug|Any CPU = Debug|Any CPU
		Debug|x64 = Debug|x64
		Debug|x86 = Debug|x86
		Release|Any CPU = Release|Any CPU
		Release|x64 = Release|x64
		Release|x86 = Release|x86
	EndGlobalSection
	GlobalSection(ProjectConfigurationPlatforms) = postSolution
		{B7F3121A-D002-444C-88C5-D8F48DB0F5CA}.Debug|Any CPU.ActiveCfg = Debug|Any CPU
		{B7F3121A-D002-444C-88C5-D8F48DB0F5CA}.Debug|Any CPU.Build.0 = Debug|Any CPU
		{B7F3121A-D002-444C-88C5-D8F48DB0F5CA}.Debug|x64.ActiveCfg = Debug|Any CPU
		{B7F3121A-D002-444C-88C5-D8F48DB0F5CA}.Debug|x64.Build.0 = Debug|Any CPU
		{B7F3121A-D002-444C-88C5-D8F48DB0F5CA}.Debug|x86.ActiveCfg = Debug|Any CPU
		{B7F3121A-D002-444C-88C5-D8F48DB0F5CA}.Debug|x86.Build.0 = Debug|Any CPU
		{B7F3121A-D002-444C-88C5-D8F48DB0F5CA}.Release|Any CPU.ActiveCfg = Release|Any CPU
		{B7F3121A-D002-444C-88C5-D8F48DB0F5CA}.Release|Any CPU.Build.0 = Release|Any CPU
		{B7F3121A-D002-444C-88C5-D8F48DB0F5CA}.Release|x64.ActiveCfg = Release|Any CPU
		{B7F3121A-D002-444C-88C5-D8F48DB0F5CA}.Release|x64.Build.0 = Release|Any CPU
		{B7F3121A-D002-444C-88C5-D8F48DB0F5CA}.Release|x86.ActiveCfg = Release|Any CPU
		{B7F3121A-D002-444C-88C5-D8F48DB0F5CA}.Release|x86.Build.0 = Release|Any CPU
		{10FEB2DD-C234-4F55-B5EA-28B7F31D2CAF}.Debug|Any CPU.ActiveCfg = Debug|Any CPU
		{10FEB2DD-C234-4F55-B5EA-28B7F31D2CAF}.Debug|Any CPU.Build.0 = Debug|Any CPU
		{10FEB2DD-C234-4F55-B5EA-28B7F31D2CAF}.Debug|x64.ActiveCfg = Debug|Any CPU
		{10FEB2DD-C234-4F55-B5EA-28B7F31D2CAF}.Debug|x64.Build.0 = Debug|Any CPU
		{10FEB2DD-C234-4F55-B5EA-28B7F31D2CAF}.Debug|x86.ActiveCfg = Debug|Any CPU
		{10FEB2DD-C234-4F55-B5EA-28B7F31D2CAF}.Debug|x86.Build.0 = Debug|Any CPU
		{10FEB2DD-C234-4F55-B5EA-28B7F31D2CAF}.Release|Any CPU.ActiveCfg = Release|Any CPU
		{10FEB2DD-C234-4F55-B5EA-28B7F31D2CAF}.Release|Any CPU.Build.0 = Release|Any CPU
		{10FEB2DD-C234-4F55-B5EA-28B7F31D2CAF}.Release|x64.ActiveCfg = Release|Any CPU
		{10FEB2DD-C234-4F55-B5EA-28B7F31D2CAF}.Release|x64.Build.0 = Release|Any CPU
		{10FEB2DD-C234-4F55-B5EA-28B7F31D2CAF}.Release|x86.ActiveCfg = Release|Any CPU
		{10FEB2DD-C234-4F55-B5EA-28B7F31D2CAF}.Release|x86.Build.0 = Release|Any CPU
		{56B61161-15AC-47C0-97FC-F35967CEEC8B}.Debug|Any CPU.ActiveCfg = Debug|Any CPU
		{56B61161-15AC-47C0-97FC-F35967CEEC8B}.Debug|Any CPU.Build.0 = Debug|Any CPU
		{56B61161-15AC-47C0-97FC-F35967CEEC8B}.Debug|x64.ActiveCfg = Debug|Any CPU
		{56B61161-15AC-47C0-97FC-F35967CEEC8B}.Debug|x64.Build.0 = Debug|Any CPU
		{56B61161-15AC-47C0-97FC-F35967CEEC8B}.Debug|x86.ActiveCfg = Debug|Any CPU
		{56B61161-15AC-47C0-97FC-F35967CEEC8B}.Debug|x86.Build.0 = Debug|Any CPU
		{56B61161-15AC-47C0-97FC-F35967CEEC8B}.Release|Any CPU.ActiveCfg = Release|Any CPU
		{56B61161-15AC-47C0-97FC-F35967CEEC8B}.Release|Any CPU.Build.0 = Release|Any CPU
		{56B61161-15AC-47C0-97FC-F35967CEEC8B}.Release|x64.ActiveCfg = Release|Any CPU
		{56B61161-15AC-47C0-97FC-F35967CEEC8B}.Release|x64.Build.0 = Release|Any CPU
		{56B61161-15AC-47C0-97FC-F35967CEEC8B}.Release|x86.ActiveCfg = Release|Any CPU
		{56B61161-15AC-47C0-97FC-F35967CEEC8B}.Release|x86.Build.0 = Release|Any CPU
		{5C4C9AA5-DE07-40DA-AF0D-8E1040F7D5D4}.Debug|Any CPU.ActiveCfg = Debug|Any CPU
		{5C4C9AA5-DE07-40DA-AF0D-8E1040F7D5D4}.Debug|Any CPU.Build.0 = Debug|Any CPU
		{5C4C9AA5-DE07-40DA-AF0D-8E1040F7D5D4}.Debug|x64.ActiveCfg = Debug|Any CPU
		{5C4C9AA5-DE07-40DA-AF0D-8E1040F7D5D4}.Debug|x64.Build.0 = Debug|Any CPU
		{5C4C9AA5-DE07-40DA-AF0D-8E1040F7D5D4}.Debug|x86.ActiveCfg = Debug|Any CPU
		{5C4C9AA5-DE07-40DA-AF0D-8E1040F7D5D4}.Debug|x86.Build.0 = Debug|Any CPU
		{5C4C9AA5-DE07-40DA-AF0D-8E1040F7D5D4}.Release|Any CPU.ActiveCfg = Release|Any CPU
		{5C4C9AA5-DE07-40DA-AF0D-8E1040F7D5D4}.Release|Any CPU.Build.0 = Release|Any CPU
		{5C4C9AA5-DE07-40DA-AF0D-8E1040F7D5D4}.Release|x64.ActiveCfg = Release|Any CPU
		{5C4C9AA5-DE07-40DA-AF0D-8E1040F7D5D4}.Release|x64.Build.0 = Release|Any CPU
		{5C4C9AA5-DE07-40DA-AF0D-8E1040F7D5D4}.Release|x86.ActiveCfg = Release|Any CPU
		{5C4C9AA5-DE07-40DA-AF0D-8E1040F7D5D4}.Release|x86.Build.0 = Release|Any CPU
		{493A0A70-3219-4BCC-AB73-40E92050EBBB}.Debug|Any CPU.ActiveCfg = Debug|Any CPU
		{493A0A70-3219-4BCC-AB73-40E92050EBBB}.Debug|Any CPU.Build.0 = Debug|Any CPU
		{493A0A70-3219-4BCC-AB73-40E92050EBBB}.Debug|x64.ActiveCfg = Debug|Any CPU
		{493A0A70-3219-4BCC-AB73-40E92050EBBB}.Debug|x64.Build.0 = Debug|Any CPU
		{493A0A70-3219-4BCC-AB73-40E92050EBBB}.Debug|x86.ActiveCfg = Debug|Any CPU
		{493A0A70-3219-4BCC-AB73-40E92050EBBB}.Debug|x86.Build.0 = Debug|Any CPU
		{493A0A70-3219-4BCC-AB73-40E92050EBBB}.Release|Any CPU.ActiveCfg = Release|Any CPU
		{493A0A70-3219-4BCC-AB73-40E92050EBBB}.Release|Any CPU.Build.0 = Release|Any CPU
		{493A0A70-3219-4BCC-AB73-40E92050EBBB}.Release|x64.ActiveCfg = Release|Any CPU
		{493A0A70-3219-4BCC-AB73-40E92050EBBB}.Release|x64.Build.0 = Release|Any CPU
		{493A0A70-3219-4BCC-AB73-40E92050EBBB}.Release|x86.ActiveCfg = Release|Any CPU
		{493A0A70-3219-4BCC-AB73-40E92050EBBB}.Release|x86.Build.0 = Release|Any CPU
		{CE23A4E1-78F1-4CC7-BCCA-D09347BBFF79}.Debug|Any CPU.ActiveCfg = Debug|Any CPU
		{CE23A4E1-78F1-4CC7-BCCA-D09347BBFF79}.Debug|Any CPU.Build.0 = Debug|Any CPU
		{CE23A4E1-78F1-4CC7-BCCA-D09347BBFF79}.Debug|x64.ActiveCfg = Debug|Any CPU
		{CE23A4E1-78F1-4CC7-BCCA-D09347BBFF79}.Debug|x64.Build.0 = Debug|Any CPU
		{CE23A4E1-78F1-4CC7-BCCA-D09347BBFF79}.Debug|x86.ActiveCfg = Debug|Any CPU
		{CE23A4E1-78F1-4CC7-BCCA-D09347BBFF79}.Debug|x86.Build.0 = Debug|Any CPU
		{CE23A4E1-78F1-4CC7-BCCA-D09347BBFF79}.Release|Any CPU.ActiveCfg = Release|Any CPU
		{CE23A4E1-78F1-4CC7-BCCA-D09347BBFF79}.Release|Any CPU.Build.0 = Release|Any CPU
		{CE23A4E1-78F1-4CC7-BCCA-D09347BBFF79}.Release|x64.ActiveCfg = Release|Any CPU
		{CE23A4E1-78F1-4CC7-BCCA-D09347BBFF79}.Release|x64.Build.0 = Release|Any CPU
		{CE23A4E1-78F1-4CC7-BCCA-D09347BBFF79}.Release|x86.ActiveCfg = Release|Any CPU
		{CE23A4E1-78F1-4CC7-BCCA-D09347BBFF79}.Release|x86.Build.0 = Release|Any CPU
		{425C6320-6ECA-44F4-9CF6-FEE4AD015661}.Debug|Any CPU.ActiveCfg = Debug|Any CPU
		{425C6320-6ECA-44F4-9CF6-FEE4AD015661}.Debug|Any CPU.Build.0 = Debug|Any CPU
		{425C6320-6ECA-44F4-9CF6-FEE4AD015661}.Debug|x64.ActiveCfg = Debug|Any CPU
		{425C6320-6ECA-44F4-9CF6-FEE4AD015661}.Debug|x64.Build.0 = Debug|Any CPU
		{425C6320-6ECA-44F4-9CF6-FEE4AD015661}.Debug|x86.ActiveCfg = Debug|Any CPU
		{425C6320-6ECA-44F4-9CF6-FEE4AD015661}.Debug|x86.Build.0 = Debug|Any CPU
		{425C6320-6ECA-44F4-9CF6-FEE4AD015661}.Release|Any CPU.ActiveCfg = Release|Any CPU
		{425C6320-6ECA-44F4-9CF6-FEE4AD015661}.Release|Any CPU.Build.0 = Release|Any CPU
		{425C6320-6ECA-44F4-9CF6-FEE4AD015661}.Release|x64.ActiveCfg = Release|Any CPU
		{425C6320-6ECA-44F4-9CF6-FEE4AD015661}.Release|x64.Build.0 = Release|Any CPU
		{425C6320-6ECA-44F4-9CF6-FEE4AD015661}.Release|x86.ActiveCfg = Release|Any CPU
		{425C6320-6ECA-44F4-9CF6-FEE4AD015661}.Release|x86.Build.0 = Release|Any CPU
		{17ECB6FB-1BC3-4C51-B7FA-A171690DA25C}.Debug|Any CPU.ActiveCfg = Debug|Any CPU
		{17ECB6FB-1BC3-4C51-B7FA-A171690DA25C}.Debug|Any CPU.Build.0 = Debug|Any CPU
		{17ECB6FB-1BC3-4C51-B7FA-A171690DA25C}.Debug|x64.ActiveCfg = Debug|Any CPU
		{17ECB6FB-1BC3-4C51-B7FA-A171690DA25C}.Debug|x64.Build.0 = Debug|Any CPU
		{17ECB6FB-1BC3-4C51-B7FA-A171690DA25C}.Debug|x86.ActiveCfg = Debug|Any CPU
		{17ECB6FB-1BC3-4C51-B7FA-A171690DA25C}.Debug|x86.Build.0 = Debug|Any CPU
		{17ECB6FB-1BC3-4C51-B7FA-A171690DA25C}.Release|Any CPU.ActiveCfg = Release|Any CPU
		{17ECB6FB-1BC3-4C51-B7FA-A171690DA25C}.Release|Any CPU.Build.0 = Release|Any CPU
		{17ECB6FB-1BC3-4C51-B7FA-A171690DA25C}.Release|x64.ActiveCfg = Release|Any CPU
		{17ECB6FB-1BC3-4C51-B7FA-A171690DA25C}.Release|x64.Build.0 = Release|Any CPU
		{17ECB6FB-1BC3-4C51-B7FA-A171690DA25C}.Release|x86.ActiveCfg = Release|Any CPU
		{17ECB6FB-1BC3-4C51-B7FA-A171690DA25C}.Release|x86.Build.0 = Release|Any CPU
		{DB5AE9CC-24CC-44AC-8AF4-E93C70993B13}.Debug|Any CPU.ActiveCfg = Debug|Any CPU
		{DB5AE9CC-24CC-44AC-8AF4-E93C70993B13}.Debug|Any CPU.Build.0 = Debug|Any CPU
		{DB5AE9CC-24CC-44AC-8AF4-E93C70993B13}.Debug|x64.ActiveCfg = Debug|Any CPU
		{DB5AE9CC-24CC-44AC-8AF4-E93C70993B13}.Debug|x64.Build.0 = Debug|Any CPU
		{DB5AE9CC-24CC-44AC-8AF4-E93C70993B13}.Debug|x86.ActiveCfg = Debug|Any CPU
		{DB5AE9CC-24CC-44AC-8AF4-E93C70993B13}.Debug|x86.Build.0 = Debug|Any CPU
		{DB5AE9CC-24CC-44AC-8AF4-E93C70993B13}.Release|Any CPU.ActiveCfg = Release|Any CPU
		{DB5AE9CC-24CC-44AC-8AF4-E93C70993B13}.Release|Any CPU.Build.0 = Release|Any CPU
		{DB5AE9CC-24CC-44AC-8AF4-E93C70993B13}.Release|x64.ActiveCfg = Release|Any CPU
		{DB5AE9CC-24CC-44AC-8AF4-E93C70993B13}.Release|x64.Build.0 = Release|Any CPU
		{DB5AE9CC-24CC-44AC-8AF4-E93C70993B13}.Release|x86.ActiveCfg = Release|Any CPU
		{DB5AE9CC-24CC-44AC-8AF4-E93C70993B13}.Release|x86.Build.0 = Release|Any CPU
	EndGlobalSection
	GlobalSection(SolutionProperties) = preSolution
		HideSolutionNode = FALSE
	EndGlobalSection
	GlobalSection(NestedProjects) = preSolution
		{B7F3121A-D002-444C-88C5-D8F48DB0F5CA} = {827E0CD3-B72D-47B6-A68D-7590B98EB39B}
		{10FEB2DD-C234-4F55-B5EA-28B7F31D2CAF} = {827E0CD3-B72D-47B6-A68D-7590B98EB39B}
		{56B61161-15AC-47C0-97FC-F35967CEEC8B} = {827E0CD3-B72D-47B6-A68D-7590B98EB39B}
		{5C4C9AA5-DE07-40DA-AF0D-8E1040F7D5D4} = {827E0CD3-B72D-47B6-A68D-7590B98EB39B}
		{493A0A70-3219-4BCC-AB73-40E92050EBBB} = {827E0CD3-B72D-47B6-A68D-7590B98EB39B}
		{CE23A4E1-78F1-4CC7-BCCA-D09347BBFF79} = {827E0CD3-B72D-47B6-A68D-7590B98EB39B}
		{425C6320-6ECA-44F4-9CF6-FEE4AD015661} = {827E0CD3-B72D-47B6-A68D-7590B98EB39B}
		{17ECB6FB-1BC3-4C51-B7FA-A171690DA25C} = {0AB3BF05-4346-4AA6-1389-037BE0695223}
		{DB5AE9CC-24CC-44AC-8AF4-E93C70993B13} = {827E0CD3-B72D-47B6-A68D-7590B98EB39B}
	EndGlobalSection
EndGlobal
